
Microsoft Visual Studio Solution File, Format Version 12.00
Project("{FAE04EC0-301F-11D3-BF4B-00C04F79EFBC}") = "CopyCat.Endpoint", "CopyCat.Endpoint\CopyCat.Endpoint.csproj", "{275F5E56-23A6-4B89-964D-8F50BCB32EBD}"
EndProject
Project("{FAE04EC0-301F-11D3-BF4B-00C04F79EFBC}") = "CopyCat", "CopyCat\CopyCat.csproj", "{24344D11-519E-4FD0-9D2D-5E024705A25D}"
EndProject
Project("{2150E333-8FDC-42A3-9474-1A3956D46DE8}") = "Tests", "Tests", "{DB89F1F6-1F81-4BDA-9C60-F4A667C640A3}"
EndProject
Project("{FAE04EC0-301F-11D3-BF4B-00C04F79EFBC}") = "CopyCat.Tests", "CopyCat.Tests\CopyCat.Tests.csproj", "{CBF14784-1463-49DB-AF7B-A9E023DEBC5F}"
EndProject
Project("{FAE04EC0-301F-11D3-BF4B-00C04F79EFBC}") = "CopyCat.DependencyInjection", "CopyCat.DependencyInjection\CopyCat.DependencyInjection.csproj", "{2BD6C03F-01FD-4AB2-B41A-4220D0290982}"
EndProject
Global
	GlobalSection(SolutionConfigurationPlatforms) = preSolution
		Debug|Any CPU = Debug|Any CPU
		Release|Any CPU = Release|Any CPU
	EndGlobalSection
	GlobalSection(ProjectConfigurationPlatforms) = postSolution
		{275F5E56-23A6-4B89-964D-8F50BCB32EBD}.Debug|Any CPU.ActiveCfg = Debug|Any CPU
		{275F5E56-23A6-4B89-964D-8F50BCB32EBD}.Debug|Any CPU.Build.0 = Debug|Any CPU
		{275F5E56-23A6-4B89-964D-8F50BCB32EBD}.Release|Any CPU.ActiveCfg = Release|Any CPU
		{275F5E56-23A6-4B89-964D-8F50BCB32EBD}.Release|Any CPU.Build.0 = Release|Any CPU
		{24344D11-519E-4FD0-9D2D-5E024705A25D}.Debug|Any CPU.ActiveCfg = Debug|Any CPU
		{24344D11-519E-4FD0-9D2D-5E024705A25D}.Debug|Any CPU.Build.0 = Debug|Any CPU
		{24344D11-519E-4FD0-9D2D-5E024705A25D}.Release|Any CPU.ActiveCfg = Release|Any CPU
		{24344D11-519E-4FD0-9D2D-5E024705A25D}.Release|Any CPU.Build.0 = Release|Any CPU
		{CBF14784-1463-49DB-AF7B-A9E023DEBC5F}.Debug|Any CPU.ActiveCfg = Debug|Any CPU
		{CBF14784-1463-49DB-AF7B-A9E023DEBC5F}.Debug|Any CPU.Build.0 = Debug|Any CPU
		{CBF14784-1463-49DB-AF7B-A9E023DEBC5F}.Release|Any CPU.ActiveCfg = Release|Any CPU
		{CBF14784-1463-49DB-AF7B-A9E023DEBC5F}.Release|Any CPU.Build.0 = Release|Any CPU
		{2BD6C03F-01FD-4AB2-B41A-4220D0290982}.Debug|Any CPU.ActiveCfg = Debug|Any CPU
		{2BD6C03F-01FD-4AB2-B41A-4220D0290982}.Debug|Any CPU.Build.0 = Debug|Any CPU
		{2BD6C03F-01FD-4AB2-B41A-4220D0290982}.Release|Any CPU.ActiveCfg = Release|Any CPU
		{2BD6C03F-01FD-4AB2-B41A-4220D0290982}.Release|Any CPU.Build.0 = Release|Any CPU
	EndGlobalSection
	GlobalSection(NestedProjects) = preSolution
		{CBF14784-1463-49DB-AF7B-A9E023DEBC5F} = {DB89F1F6-1F81-4BDA-9C60-F4A667C640A3}
	EndGlobalSection
EndGlobal
